
Microsoft Visual Studio Solution File, Format Version 12.00
# Visual Studio Version 16
VisualStudioVersion = 16.0.29613.14
MinimumVisualStudioVersion = 10.0.40219.1
Project("{FAE04EC0-301F-11D3-BF4B-00C04F79EFBC}") = "ODataConnectedService", "src\ODataConnectedService\ODataConnectedService.csproj", "{A8BC5B8E-9AB7-4257-B8F1-E7C62169F9B5}"
EndProject
Project("{FAE04EC0-301F-11D3-BF4B-00C04F79EFBC}") = "ODataConnectedService.Tests", "test\ODataConnectedService.Tests\ODataConnectedService.Tests.csproj", "{903B31D0-BE14-4D9E-BA76-186FA82B3A37}"
EndProject
Project("{2150E333-8FDC-42A3-9474-1A3956D46DE8}") = "Solution Items", "Solution Items", "{B82FBBC4-0113-4777-A5CD-974C335B2739}"
	ProjectSection(SolutionItems) = preProject
		.editorconfig = .editorconfig
	EndProjectSection
EndProject
Project("{9A19103F-16F7-4668-BE54-9A1E7A4F7556}") = "Microsoft.OData.Cli", "src\Microsoft.OData.Cli\Microsoft.OData.Cli.csproj", "{EF809374-384C-4AC2-981A-C12F0044B5AE}"
EndProject
Project("{FAE04EC0-301F-11D3-BF4B-00C04F79EFBC}") = "Microsoft.OData.CodeGen", "src\Microsoft.OData.CodeGen\Microsoft.OData.CodeGen.csproj", "{86FAAAEC-3BBD-479C-8A44-D2715A6BD4C1}"
EndProject
Global
	GlobalSection(SolutionConfigurationPlatforms) = preSolution
		Debug|Any CPU = Debug|Any CPU
		Release|Any CPU = Release|Any CPU
	EndGlobalSection
	GlobalSection(ProjectConfigurationPlatforms) = postSolution
		{A8BC5B8E-9AB7-4257-B8F1-E7C62169F9B5}.Debug|Any CPU.ActiveCfg = Debug|Any CPU
		{A8BC5B8E-9AB7-4257-B8F1-E7C62169F9B5}.Debug|Any CPU.Build.0 = Debug|Any CPU
		{A8BC5B8E-9AB7-4257-B8F1-E7C62169F9B5}.Release|Any CPU.ActiveCfg = Release|Any CPU
		{A8BC5B8E-9AB7-4257-B8F1-E7C62169F9B5}.Release|Any CPU.Build.0 = Release|Any CPU
		{903B31D0-BE14-4D9E-BA76-186FA82B3A37}.Debug|Any CPU.ActiveCfg = Debug|Any CPU
		{903B31D0-BE14-4D9E-BA76-186FA82B3A37}.Debug|Any CPU.Build.0 = Debug|Any CPU
		{903B31D0-BE14-4D9E-BA76-186FA82B3A37}.Release|Any CPU.ActiveCfg = Release|Any CPU
		{903B31D0-BE14-4D9E-BA76-186FA82B3A37}.Release|Any CPU.Build.0 = Release|Any CPU
		{EF809374-384C-4AC2-981A-C12F0044B5AE}.Debug|Any CPU.ActiveCfg = Debug|Any CPU
		{EF809374-384C-4AC2-981A-C12F0044B5AE}.Debug|Any CPU.Build.0 = Debug|Any CPU
		{EF809374-384C-4AC2-981A-C12F0044B5AE}.Release|Any CPU.ActiveCfg = Release|Any CPU
		{EF809374-384C-4AC2-981A-C12F0044B5AE}.Release|Any CPU.Build.0 = Release|Any CPU
		{86FAAAEC-3BBD-479C-8A44-D2715A6BD4C1}.Debug|Any CPU.ActiveCfg = Debug|Any CPU
		{86FAAAEC-3BBD-479C-8A44-D2715A6BD4C1}.Debug|Any CPU.Build.0 = Debug|Any CPU
		{86FAAAEC-3BBD-479C-8A44-D2715A6BD4C1}.Release|Any CPU.ActiveCfg = Release|Any CPU
		{86FAAAEC-3BBD-479C-8A44-D2715A6BD4C1}.Release|Any CPU.Build.0 = Release|Any CPU
	EndGlobalSection
	GlobalSection(SolutionProperties) = preSolution
		HideSolutionNode = FALSE
	EndGlobalSection
	GlobalSection(ExtensibilityGlobals) = postSolution
		SolutionGuid = {FD696714-8F52-4A00-93F4-43C843F184DB}
	EndGlobalSection
EndGlobal
