
Microsoft Visual Studio Solution File, Format Version 12.00
# Visual Studio 15
VisualStudioVersion = 15.0.27703.2042
MinimumVisualStudioVersion = 10.0.40219.1
Project("{FAE04EC0-301F-11D3-BF4B-00C04F79EFBC}") = "OData2OpenApi", "OData2OpenApi\OData2OpenApi.csproj", "{66AB1E32-735B-44D4-9944-93D3D1ED1A2F}"
EndProject
Global
	GlobalSection(SolutionConfigurationPlatforms) = preSolution
		Debug|Any CPU = Debug|Any CPU
		Release|Any CPU = Release|Any CPU
	EndGlobalSection
	GlobalSection(ProjectConfigurationPlatforms) = postSolution
		{66AB1E32-735B-44D4-9944-93D3D1ED1A2F}.Debug|Any CPU.ActiveCfg = Debug|Any CPU
		{66AB1E32-735B-44D4-9944-93D3D1ED1A2F}.Debug|Any CPU.Build.0 = Debug|Any CPU
		{66AB1E32-735B-44D4-9944-93D3D1ED1A2F}.Release|Any CPU.ActiveCfg = Release|Any CPU
		{66AB1E32-735B-44D4-9944-93D3D1ED1A2F}.Release|Any CPU.Build.0 = Release|Any CPU
	EndGlobalSection
	GlobalSection(SolutionProperties) = preSolution
		HideSolutionNode = FALSE
	EndGlobalSection
	GlobalSection(ExtensibilityGlobals) = postSolution
		SolutionGuid = {726EFC65-7FD4-41B6-AB9B-E95BA6F834A2}
	EndGlobalSection
EndGlobal
